<?xml version="1.0" encoding="utf-8"?>
<Project ToolsVersion="4.0" xmlns="http://schemas.microsoft.com/developer/msbuild/2003">
  <ItemGroup>
    <Filter Include="Исходные файлы">
      <UniqueIdentifier>{4FC737F1-C7A5-4376-A066-2A32D752A2FF}</UniqueIdentifier>
      <Extensions>cpp;c;cc;cxx;c++;cppm;ixx;def;odl;idl;hpj;bat;asm;asmx</Extensions>
    </Filter>
    <Filter Include="Файлы заголовков">
      <UniqueIdentifier>{93995380-89BD-4b04-88EB-625FBE52EBFB}</UniqueIdentifier>
      <Extensions>h;hh;hpp;hxx;h++;hm;inl;inc;ipp;xsd</Extensions>
    </Filter>
    <Filter Include="Файлы ресурсов">
      <UniqueIdentifier>{67DA6AB6-F800-4c08-8B7A-83BB121AAD01}</UniqueIdentifier>
      <Extensions>rc;ico;cur;bmp;dlg;rc2;rct;bin;rgs;gif;jpg;jpeg;jpe;resx;tiff;tif;png;wav;mfcribbon-ms</Extensions>
    </Filter>
    <Filter Include="Исходные файлы\Lab">
      <UniqueIdentifier>{a7bf5982-e04b-4eec-82e1-6a10a5b6ac6c}</UniqueIdentifier>
    </Filter>
    <Filter Include="Исходные файлы\Learning">
      <UniqueIdentifier>{0bf7ae73-1394-4b6f-b549-bde696129ceb}</UniqueIdentifier>
    </Filter>
    <Filter Include="Исходные файлы\Lib">
      <UniqueIdentifier>{af66d505-678d-4d7c-9042-196b62da9456}</UniqueIdentifier>
    </Filter>
    <Filter Include="Исходные файлы\game">
      <UniqueIdentifier>{ef1b9118-6bb6-4606-ba5e-1aa1c8b69d5f}</UniqueIdentifier>
    </Filter>
    <Filter Include="FilesAndStructures">
      <UniqueIdentifier>{cb45477e-d21f-4e47-a6c0-5a66e81132b5}</UniqueIdentifier>
    </Filter>
    <Filter Include="Classes">
      <UniqueIdentifier>{3ec1412a-e975-404a-af87-ed41087b6382}</UniqueIdentifier>
    </Filter>
    <Filter Include="linked_list">
      <UniqueIdentifier>{01af907f-b2d8-4d2d-b7bb-f7be2409364b}</UniqueIdentifier>
    </Filter>
    <Filter Include="Altoritms">
      <UniqueIdentifier>{779da0f0-e1c1-498a-8838-fb935972bea9}</UniqueIdentifier>
    </Filter>
    <Filter Include="Collections">
      <UniqueIdentifier>{29a1c31b-5111-472f-9e1a-cdc8360ea538}</UniqueIdentifier>
    </Filter>
  </ItemGroup>
  <ItemGroup>
    <ClInclude Include="Functions.h">
      <Filter>Файлы заголовков</Filter>
    </ClInclude>
    <ClInclude Include="fraction.h">
      <Filter>Classes</Filter>
    </ClInclude>
    <ClInclude Include="linked_list.h">
      <Filter>linked_list</Filter>
    </ClInclude>
    <ClInclude Include="vector.h">
      <Filter>Collections</Filter>
    </ClInclude>
  </ItemGroup>
  <ItemGroup>
    <ClCompile Include="Arrays.cpp">
      <Filter>Исходные файлы\Learning</Filter>
    </ClCompile>
    <ClCompile Include="PointersAndReferences.cpp">
      <Filter>Исходные файлы\Learning</Filter>
    </ClCompile>
    <ClCompile Include="EvenOdd.cpp">
      <Filter>Исходные файлы\Lab</Filter>
    </ClCompile>
    <ClCompile Include="UnionOfArrays.cpp">
      <Filter>Исходные файлы\Lab</Filter>
    </ClCompile>
    <ClCompile Include="CString.cpp">
      <Filter>Исходные файлы\Learning</Filter>
    </ClCompile>
    <ClCompile Include="NumberPreparation.cpp">
      <Filter>Исходные файлы\Learning</Filter>
    </ClCompile>
    <ClCompile Include="AdditionNumbers.cpp">
      <Filter>Исходные файлы\Learning</Filter>
    </ClCompile>
    <ClCompile Include="Strings.cpp">
      <Filter>Исходные файлы\Learning</Filter>
    </ClCompile>
    <ClCompile Include="files.cpp">
      <Filter>Исходные файлы\Learning</Filter>
    </ClCompile>
    <ClCompile Include="Vehicles.cpp">
      <Filter>FilesAndStructures</Filter>
    </ClCompile>
    <ClCompile Include="fraction.cpp">
      <Filter>Classes</Filter>
    </ClCompile>
    <ClCompile Include="TEST.cpp">
      <Filter>Исходные файлы\game</Filter>
    </ClCompile>
    <ClCompile Include="linked_list.cpp">
      <Filter>Исходные файлы</Filter>
    </ClCompile>
  </ItemGroup>
</Project>